
Microsoft Visual Studio Solution File, Format Version 12.00
# Visual Studio 15
VisualStudioVersion = 15.0.28307.539
MinimumVisualStudioVersion = 10.0.40219.1
Project("{8BC9CEB8-8B4A-11D0-8D11-00A0C91BC942}") = "wlPing", "wlPing\wlPing.vcxproj", "{2DB429D6-4988-4A93-82C6-718877CA0E80}"
EndProject
Global
	GlobalSection(SolutionConfigurationPlatforms) = preSolution
		Debug|x64 = Debug|x64
		Debug|x86 = Debug|x86
		Release|x64 = Release|x64
		Release|x86 = Release|x86
	EndGlobalSection
	GlobalSection(ProjectConfigurationPlatforms) = postSolution
		{2DB429D6-4988-4A93-82C6-718877CA0E80}.Debug|x64.ActiveCfg = Debug|x64
		{2DB429D6-4988-4A93-82C6-718877CA0E80}.Debug|x64.Build.0 = Debug|x64
		{2DB429D6-4988-4A93-82C6-718877CA0E80}.Debug|x86.ActiveCfg = Debug|Win32
		{2DB429D6-4988-4A93-82C6-718877CA0E80}.Debug|x86.Build.0 = Debug|Win32
		{2DB429D6-4988-4A93-82C6-718877CA0E80}.Release|x64.ActiveCfg = Release|x64
		{2DB429D6-4988-4A93-82C6-718877CA0E80}.Release|x64.Build.0 = Release|x64
		{2DB429D6-4988-4A93-82C6-718877CA0E80}.Release|x86.ActiveCfg = Release|Win32
		{2DB429D6-4988-4A93-82C6-718877CA0E80}.Release|x86.Build.0 = Release|Win32
	EndGlobalSection
	GlobalSection(SolutionProperties) = preSolution
		HideSolutionNode = FALSE
	EndGlobalSection
	GlobalSection(ExtensibilityGlobals) = postSolution
		SolutionGuid = {C2E1D8E3-545C-4F2A-818C-614E9CD68114}
	EndGlobalSection
EndGlobal
